
Microsoft Visual Studio Solution File, Format Version 12.00
# Visual Studio Version 16
VisualStudioVersion = 16.0.30804.86
MinimumVisualStudioVersion = 10.0.40219.1
Project("{FAE04EC0-301F-11D3-BF4B-00C04F79EFBC}") = "mvcProject", "mvcProject.csproj", "{9B9A55BC-B90A-445B-97CD-C3AB5C7DE939}"
EndProject
Global
	GlobalSection(SolutionConfigurationPlatforms) = preSolution
		Debug|Any CPU = Debug|Any CPU
		Release|Any CPU = Release|Any CPU
	EndGlobalSection
	GlobalSection(ProjectConfigurationPlatforms) = postSolution
		{9B9A55BC-B90A-445B-97CD-C3AB5C7DE939}.Debug|Any CPU.ActiveCfg = Debug|Any CPU
		{9B9A55BC-B90A-445B-97CD-C3AB5C7DE939}.Debug|Any CPU.Build.0 = Debug|Any CPU
		{9B9A55BC-B90A-445B-97CD-C3AB5C7DE939}.Release|Any CPU.ActiveCfg = Release|Any CPU
		{9B9A55BC-B90A-445B-97CD-C3AB5C7DE939}.Release|Any CPU.Build.0 = Release|Any CPU
	EndGlobalSection
	GlobalSection(SolutionProperties) = preSolution
		HideSolutionNode = FALSE
	EndGlobalSection
	GlobalSection(ExtensibilityGlobals) = postSolution
		SolutionGuid = {8B5C55C6-CF7E-4795-9C1A-3C7C15654261}
	EndGlobalSection
EndGlobal
